
Microsoft Visual Studio Solution File, Format Version 12.00
# Visual Studio Version 17
VisualStudioVersion = 17.1.32328.378
MinimumVisualStudioVersion = 10.0.40219.1
Project("{FAE04EC0-301F-11D3-BF4B-00C04F79EFBC}") = "ChristianaSalasExamen1.Android", "ChristianaSalasExamen1.Android\ChristianaSalasExamen1.Android.csproj", "{F521BF48-D673-480F-85B2-CD500FE0F1CF}"
EndProject
Project("{FAE04EC0-301F-11D3-BF4B-00C04F79EFBC}") = "ChristianaSalasExamen1.iOS", "ChristianaSalasExamen1.iOS\ChristianaSalasExamen1.iOS.csproj", "{8B7C30E8-D220-4389-9FEA-D3235AD0BC10}"
EndProject
Project("{FAE04EC0-301F-11D3-BF4B-00C04F79EFBC}") = "ChristianaSalasExamen1", "ChristianaSalasExamen1\ChristianaSalasExamen1.csproj", "{E95DDCB9-B209-4664-B305-9C6E1A184556}"
EndProject
Global
	GlobalSection(SolutionConfigurationPlatforms) = preSolution
		Debug|Any CPU = Debug|Any CPU
		Debug|iPhone = Debug|iPhone
		Debug|iPhoneSimulator = Debug|iPhoneSimulator
		Release|Any CPU = Release|Any CPU
		Release|iPhone = Release|iPhone
		Release|iPhoneSimulator = Release|iPhoneSimulator
	EndGlobalSection
	GlobalSection(ProjectConfigurationPlatforms) = postSolution
		{F521BF48-D673-480F-85B2-CD500FE0F1CF}.Debug|Any CPU.ActiveCfg = Debug|Any CPU
		{F521BF48-D673-480F-85B2-CD500FE0F1CF}.Debug|Any CPU.Build.0 = Debug|Any CPU
		{F521BF48-D673-480F-85B2-CD500FE0F1CF}.Debug|Any CPU.Deploy.0 = Debug|Any CPU
		{F521BF48-D673-480F-85B2-CD500FE0F1CF}.Debug|iPhone.ActiveCfg = Debug|Any CPU
		{F521BF48-D673-480F-85B2-CD500FE0F1CF}.Debug|iPhone.Build.0 = Debug|Any CPU
		{F521BF48-D673-480F-85B2-CD500FE0F1CF}.Debug|iPhone.Deploy.0 = Debug|Any CPU
		{F521BF48-D673-480F-85B2-CD500FE0F1CF}.Debug|iPhoneSimulator.ActiveCfg = Debug|Any CPU
		{F521BF48-D673-480F-85B2-CD500FE0F1CF}.Debug|iPhoneSimulator.Build.0 = Debug|Any CPU
		{F521BF48-D673-480F-85B2-CD500FE0F1CF}.Debug|iPhoneSimulator.Deploy.0 = Debug|Any CPU
		{F521BF48-D673-480F-85B2-CD500FE0F1CF}.Release|Any CPU.ActiveCfg = Release|Any CPU
		{F521BF48-D673-480F-85B2-CD500FE0F1CF}.Release|Any CPU.Build.0 = Release|Any CPU
		{F521BF48-D673-480F-85B2-CD500FE0F1CF}.Release|Any CPU.Deploy.0 = Release|Any CPU
		{F521BF48-D673-480F-85B2-CD500FE0F1CF}.Release|iPhone.ActiveCfg = Release|Any CPU
		{F521BF48-D673-480F-85B2-CD500FE0F1CF}.Release|iPhone.Build.0 = Release|Any CPU
		{F521BF48-D673-480F-85B2-CD500FE0F1CF}.Release|iPhone.Deploy.0 = Release|Any CPU
		{F521BF48-D673-480F-85B2-CD500FE0F1CF}.Release|iPhoneSimulator.ActiveCfg = Release|Any CPU
		{F521BF48-D673-480F-85B2-CD500FE0F1CF}.Release|iPhoneSimulator.Build.0 = Release|Any CPU
		{F521BF48-D673-480F-85B2-CD500FE0F1CF}.Release|iPhoneSimulator.Deploy.0 = Release|Any CPU
		{8B7C30E8-D220-4389-9FEA-D3235AD0BC10}.Debug|Any CPU.ActiveCfg = Debug|iPhone
		{8B7C30E8-D220-4389-9FEA-D3235AD0BC10}.Debug|Any CPU.Build.0 = Debug|iPhone
		{8B7C30E8-D220-4389-9FEA-D3235AD0BC10}.Debug|Any CPU.Deploy.0 = Debug|iPhone
		{8B7C30E8-D220-4389-9FEA-D3235AD0BC10}.Debug|iPhone.ActiveCfg = Debug|iPhone
		{8B7C30E8-D220-4389-9FEA-D3235AD0BC10}.Debug|iPhone.Build.0 = Debug|iPhone
		{8B7C30E8-D220-4389-9FEA-D3235AD0BC10}.Debug|iPhone.Deploy.0 = Debug|iPhone
		{8B7C30E8-D220-4389-9FEA-D3235AD0BC10}.Debug|iPhoneSimulator.ActiveCfg = Debug|iPhoneSimulator
		{8B7C30E8-D220-4389-9FEA-D3235AD0BC10}.Debug|iPhoneSimulator.Build.0 = Debug|iPhoneSimulator
		{8B7C30E8-D220-4389-9FEA-D3235AD0BC10}.Debug|iPhoneSimulator.Deploy.0 = Debug|iPhoneSimulator
		{8B7C30E8-D220-4389-9FEA-D3235AD0BC10}.Release|Any CPU.ActiveCfg = Release|iPhoneSimulator
		{8B7C30E8-D220-4389-9FEA-D3235AD0BC10}.Release|Any CPU.Build.0 = Release|iPhoneSimulator
		{8B7C30E8-D220-4389-9FEA-D3235AD0BC10}.Release|Any CPU.Deploy.0 = Release|iPhoneSimulator
		{8B7C30E8-D220-4389-9FEA-D3235AD0BC10}.Release|iPhone.ActiveCfg = Release|iPhone
		{8B7C30E8-D220-4389-9FEA-D3235AD0BC10}.Release|iPhone.Build.0 = Release|iPhone
		{8B7C30E8-D220-4389-9FEA-D3235AD0BC10}.Release|iPhone.Deploy.0 = Release|iPhone
		{8B7C30E8-D220-4389-9FEA-D3235AD0BC10}.Release|iPhoneSimulator.ActiveCfg = Release|iPhoneSimulator
		{8B7C30E8-D220-4389-9FEA-D3235AD0BC10}.Release|iPhoneSimulator.Build.0 = Release|iPhoneSimulator
		{8B7C30E8-D220-4389-9FEA-D3235AD0BC10}.Release|iPhoneSimulator.Deploy.0 = Release|iPhoneSimulator
		{E95DDCB9-B209-4664-B305-9C6E1A184556}.Debug|Any CPU.ActiveCfg = Debug|Any CPU
		{E95DDCB9-B209-4664-B305-9C6E1A184556}.Debug|Any CPU.Build.0 = Debug|Any CPU
		{E95DDCB9-B209-4664-B305-9C6E1A184556}.Debug|Any CPU.Deploy.0 = Debug|Any CPU
		{E95DDCB9-B209-4664-B305-9C6E1A184556}.Debug|iPhone.ActiveCfg = Debug|Any CPU
		{E95DDCB9-B209-4664-B305-9C6E1A184556}.Debug|iPhone.Build.0 = Debug|Any CPU
		{E95DDCB9-B209-4664-B305-9C6E1A184556}.Debug|iPhone.Deploy.0 = Debug|Any CPU
		{E95DDCB9-B209-4664-B305-9C6E1A184556}.Debug|iPhoneSimulator.ActiveCfg = Debug|Any CPU
		{E95DDCB9-B209-4664-B305-9C6E1A184556}.Debug|iPhoneSimulator.Build.0 = Debug|Any CPU
		{E95DDCB9-B209-4664-B305-9C6E1A184556}.Debug|iPhoneSimulator.Deploy.0 = Debug|Any CPU
		{E95DDCB9-B209-4664-B305-9C6E1A184556}.Release|Any CPU.ActiveCfg = Release|Any CPU
		{E95DDCB9-B209-4664-B305-9C6E1A184556}.Release|Any CPU.Build.0 = Release|Any CPU
		{E95DDCB9-B209-4664-B305-9C6E1A184556}.Release|Any CPU.Deploy.0 = Release|Any CPU
		{E95DDCB9-B209-4664-B305-9C6E1A184556}.Release|iPhone.ActiveCfg = Release|Any CPU
		{E95DDCB9-B209-4664-B305-9C6E1A184556}.Release|iPhone.Build.0 = Release|Any CPU
		{E95DDCB9-B209-4664-B305-9C6E1A184556}.Release|iPhone.Deploy.0 = Release|Any CPU
		{E95DDCB9-B209-4664-B305-9C6E1A184556}.Release|iPhoneSimulator.ActiveCfg = Release|Any CPU
		{E95DDCB9-B209-4664-B305-9C6E1A184556}.Release|iPhoneSimulator.Build.0 = Release|Any CPU
		{E95DDCB9-B209-4664-B305-9C6E1A184556}.Release|iPhoneSimulator.Deploy.0 = Release|Any CPU
	EndGlobalSection
	GlobalSection(SolutionProperties) = preSolution
		HideSolutionNode = FALSE
	EndGlobalSection
	GlobalSection(ExtensibilityGlobals) = postSolution
		SolutionGuid = {3EA0A4A5-C8B7-4C35-82D7-D64D3470026B}
	EndGlobalSection
EndGlobal
